
Microsoft Visual Studio Solution File, Format Version 12.00
# Visual Studio Version 17
VisualStudioVersion = 17.0.31903.59
MinimumVisualStudioVersion = 10.0.40219.1
Project("{FAE04EC0-301F-11D3-BF4B-00C04F79EFBC}") = "BowlingLogic", "BowlingLogic\BowlingLogic.csproj", "{1EA3C594-AEF9-4A10-AEB6-DEE5339688CD}"
EndProject
Project("{FAE04EC0-301F-11D3-BF4B-00C04F79EFBC}") = "BowlingCLI", "BowlingCLI\BowlingCLI.csproj", "{12465327-70FA-47BD-A791-F9322B26CEB1}"
EndProject
Project("{FAE04EC0-301F-11D3-BF4B-00C04F79EFBC}") = "BowlingAPI", "BowlingAPI\BowlingAPI.csproj", "{B17E0DD3-5CB3-487B-9A5B-29822DF269D1}"
EndProject
Global
	GlobalSection(SolutionConfigurationPlatforms) = preSolution
		Debug|Any CPU = Debug|Any CPU
		Release|Any CPU = Release|Any CPU
	EndGlobalSection
	GlobalSection(SolutionProperties) = preSolution
		HideSolutionNode = FALSE
	EndGlobalSection
	GlobalSection(ProjectConfigurationPlatforms) = postSolution
		{1EA3C594-AEF9-4A10-AEB6-DEE5339688CD}.Debug|Any CPU.ActiveCfg = Debug|Any CPU
		{1EA3C594-AEF9-4A10-AEB6-DEE5339688CD}.Debug|Any CPU.Build.0 = Debug|Any CPU
		{1EA3C594-AEF9-4A10-AEB6-DEE5339688CD}.Release|Any CPU.ActiveCfg = Release|Any CPU
		{1EA3C594-AEF9-4A10-AEB6-DEE5339688CD}.Release|Any CPU.Build.0 = Release|Any CPU
		{12465327-70FA-47BD-A791-F9322B26CEB1}.Debug|Any CPU.ActiveCfg = Debug|Any CPU
		{12465327-70FA-47BD-A791-F9322B26CEB1}.Debug|Any CPU.Build.0 = Debug|Any CPU
		{12465327-70FA-47BD-A791-F9322B26CEB1}.Release|Any CPU.ActiveCfg = Release|Any CPU
		{12465327-70FA-47BD-A791-F9322B26CEB1}.Release|Any CPU.Build.0 = Release|Any CPU
		{B17E0DD3-5CB3-487B-9A5B-29822DF269D1}.Debug|Any CPU.ActiveCfg = Debug|Any CPU
		{B17E0DD3-5CB3-487B-9A5B-29822DF269D1}.Debug|Any CPU.Build.0 = Debug|Any CPU
		{B17E0DD3-5CB3-487B-9A5B-29822DF269D1}.Release|Any CPU.ActiveCfg = Release|Any CPU
		{B17E0DD3-5CB3-487B-9A5B-29822DF269D1}.Release|Any CPU.Build.0 = Release|Any CPU
	EndGlobalSection
EndGlobal
